// !$*UTF8*$!
{
	archiveVersion = 1;
	classes = {
	};
	objectVersion = 56;
	objects = {

/* Begin PBXBuildFile section */
		CC0782B12C68E0F700427732 /* AppDelegate.swift in Sources */ = {isa = PBXBuildFile; fileRef = CC0782B02C68E0F700427732 /* AppDelegate.swift */; };
		CC0782B32C68E0F700427732 /* SceneDelegate.swift in Sources */ = {isa = PBXBuildFile; fileRef = CC0782B22C68E0F700427732 /* SceneDelegate.swift */; };
		CC0782B52C68E0F700427732 /* ViewController.swift in Sources */ = {isa = PBXBuildFile; fileRef = CC0782B42C68E0F700427732 /* ViewController.swift */; };
		CC0782B82C68E0F700427732 /* Main.storyboard in Resources */ = {isa = PBXBuildFile; fileRef = CC0782B62C68E0F700427732 /* Main.storyboard */; };
		CC0782BA2C68E0F800427732 /* Assets.xcassets in Resources */ = {isa = PBXBuildFile; fileRef = CC0782B92C68E0F800427732 /* Assets.xcassets */; };
		CC0782BD2C68E0F800427732 /* LaunchScreen.storyboard in Resources */ = {isa = PBXBuildFile; fileRef = CC0782BB2C68E0F800427732 /* LaunchScreen.storyboard */; };
		CC4EC4092C69368500890D49 /* GameController.swift in Sources */ = {isa = PBXBuildFile; fileRef = CC4EC4082C69368500890D49 /* GameController.swift */; };
		CC98BB962C6A3A210070FC01 /* Card.swift in Sources */ = {isa = PBXBuildFile; fileRef = CC98BB952C6A3A210070FC01 /* Card.swift */; };
		CC98BB9A2C6A47580070FC01 /* GameManager.swift in Sources */ = {isa = PBXBuildFile; fileRef = CC98BB992C6A47580070FC01 /* GameManager.swift */; };
		CC98BB9C2C6A48F30070FC01 /* Player.swift in Sources */ = {isa = PBXBuildFile; fileRef = CC98BB9B2C6A48F30070FC01 /* Player.swift */; };
		CC997A302C6BE8D200CC7337 /* EndController.swift in Sources */ = {isa = PBXBuildFile; fileRef = CC997A2F2C6BE8D200CC7337 /* EndController.swift */; };
		CCAB9D8C2C6901EC00BEE835 /* MyExtentions.swift in Sources */ = {isa = PBXBuildFile; fileRef = CCAB9D8B2C6901EC00BEE835 /* MyExtentions.swift */; };
/* End PBXBuildFile section */

/* Begin PBXFileReference section */
		CC0782AD2C68E0F700427732 /* WarCardGame.app */ = {isa = PBXFileReference; explicitFileType = wrapper.application; includeInIndex = 0; path = WarCardGame.app; sourceTree = BUILT_PRODUCTS_DIR; };
		CC0782B02C68E0F700427732 /* AppDelegate.swift */ = {isa = PBXFileReference; lastKnownFileType = sourcecode.swift; path = AppDelegate.swift; sourceTree = "<group>"; };
		CC0782B22C68E0F700427732 /* SceneDelegate.swift */ = {isa = PBXFileReference; lastKnownFileType = sourcecode.swift; path = SceneDelegate.swift; sourceTree = "<group>"; };
		CC0782B42C68E0F700427732 /* ViewController.swift */ = {isa = PBXFileReference; lastKnownFileType = sourcecode.swift; path = ViewController.swift; sourceTree = "<group>"; };
		CC0782B72C68E0F700427732 /* Base */ = {isa = PBXFileReference; lastKnownFileType = file.storyboard; name = Base; path = Base.lproj/Main.storyboard; sourceTree = "<group>"; };
		CC0782B92C68E0F800427732 /* Assets.xcassets */ = {isa = PBXFileReference; lastKnownFileType = folder.assetcatalog; path = Assets.xcassets; sourceTree = "<group>"; };
		CC0782BC2C68E0F800427732 /* Base */ = {isa = PBXFileReference; lastKnownFileType = file.storyboard; name = Base; path = Base.lproj/LaunchScreen.storyboard; sourceTree = "<group>"; };
		CC0782BE2C68E0F800427732 /* Info.plist */ = {isa = PBXFileReference; lastKnownFileType = text.plist.xml; path = Info.plist; sourceTree = "<group>"; };
		CC4EC4082C69368500890D49 /* GameController.swift */ = {isa = PBXFileReference; lastKnownFileType = sourcecode.swift; path = GameController.swift; sourceTree = "<group>"; };
		CC98BB952C6A3A210070FC01 /* Card.swift */ = {isa = PBXFileReference; lastKnownFileType = sourcecode.swift; path = Card.swift; sourceTree = "<group>"; };
		CC98BB992C6A47580070FC01 /* GameManager.swift */ = {isa = PBXFileReference; lastKnownFileType = sourcecode.swift; path = GameManager.swift; sourceTree = "<group>"; };
		CC98BB9B2C6A48F30070FC01 /* Player.swift */ = {isa = PBXFileReference; lastKnownFileType = sourcecode.swift; path = Player.swift; sourceTree = "<group>"; };
		CC997A2F2C6BE8D200CC7337 /* EndController.swift */ = {isa = PBXFileReference; lastKnownFileType = sourcecode.swift; path = EndController.swift; sourceTree = "<group>"; };
		CCAB9D8B2C6901EC00BEE835 /* MyExtentions.swift */ = {isa = PBXFileReference; lastKnownFileType = sourcecode.swift; path = MyExtentions.swift; sourceTree = "<group>"; };
/* End PBXFileReference section */

/* Begin PBXFrameworksBuildPhase section */
		CC0782AA2C68E0F700427732 /* Frameworks */ = {
			isa = PBXFrameworksBuildPhase;
			buildActionMask = 2147483647;
			files = (
			);
			runOnlyForDeploymentPostprocessing = 0;
		};
/* End PBXFrameworksBuildPhase section */

/* Begin PBXGroup section */
		CC0782A42C68E0F700427732 = {
			isa = PBXGroup;
			children = (
				CC0782AF2C68E0F700427732 /* WarCardGame */,
				CC0782AE2C68E0F700427732 /* Products */,
			);
			sourceTree = "<group>";
		};
		CC0782AE2C68E0F700427732 /* Products */ = {
			isa = PBXGroup;
			children = (
				CC0782AD2C68E0F700427732 /* WarCardGame.app */,
			);
			name = Products;
			sourceTree = "<group>";
		};
		CC0782AF2C68E0F700427732 /* WarCardGame */ = {
			isa = PBXGroup;
			children = (
				CC0782B02C68E0F700427732 /* AppDelegate.swift */,
				CC0782B22C68E0F700427732 /* SceneDelegate.swift */,
				CCAB9D8B2C6901EC00BEE835 /* MyExtentions.swift */,
				CC0782B62C68E0F700427732 /* Main.storyboard */,
				CC0782B92C68E0F800427732 /* Assets.xcassets */,
				CC0782BB2C68E0F800427732 /* LaunchScreen.storyboard */,
				CC0782BE2C68E0F800427732 /* Info.plist */,
				CC997A2E2C6B8B2100CC7337 /* controller */,
				CC997A2D2C6B8AFC00CC7337 /* model */,
			);
			path = WarCardGame;
			sourceTree = "<group>";
		};
		CC997A2D2C6B8AFC00CC7337 /* model */ = {
			isa = PBXGroup;
			children = (
				CC98BB992C6A47580070FC01 /* GameManager.swift */,
				CC98BB9B2C6A48F30070FC01 /* Player.swift */,
				CC98BB952C6A3A210070FC01 /* Card.swift */,
			);
			path = model;
			sourceTree = "<group>";
		};
		CC997A2E2C6B8B2100CC7337 /* controller */ = {
			isa = PBXGroup;
			children = (
				CC4EC4082C69368500890D49 /* GameController.swift */,
				CC0782B42C68E0F700427732 /* ViewController.swift */,
				CC997A2F2C6BE8D200CC7337 /* EndController.swift */,
			);
			path = controller;
			sourceTree = "<group>";
		};
/* End PBXGroup section */

/* Begin PBXNativeTarget section */
		CC0782AC2C68E0F700427732 /* WarCardGame */ = {
			isa = PBXNativeTarget;
			buildConfigurationList = CC0782C12C68E0F800427732 /* Build configuration list for PBXNativeTarget "WarCardGame" */;
			buildPhases = (
				CC0782A92C68E0F700427732 /* Sources */,
				CC0782AA2C68E0F700427732 /* Frameworks */,
				CC0782AB2C68E0F700427732 /* Resources */,
			);
			buildRules = (
			);
			dependencies = (
			);
			name = WarCardGame;
			productName = WarCardGame;
			productReference = CC0782AD2C68E0F700427732 /* WarCardGame.app */;
			productType = "com.apple.product-type.application";
		};
/* End PBXNativeTarget section */

/* Begin PBXProject section */
		CC0782A52C68E0F700427732 /* Project object */ = {
			isa = PBXProject;
			attributes = {
				BuildIndependentTargetsInParallel = 1;
				LastSwiftUpdateCheck = 1430;
				LastUpgradeCheck = 1430;
				TargetAttributes = {
					CC0782AC2C68E0F700427732 = {
						CreatedOnToolsVersion = 14.3;
					};
				};
			};
			buildConfigurationList = CC0782A82C68E0F700427732 /* Build configuration list for PBXProject "WarCardGame" */;
			compatibilityVersion = "Xcode 14.0";
			developmentRegion = en;
			hasScannedForEncodings = 0;
			knownRegions = (
				en,
				Base,
			);
			mainGroup = CC0782A42C68E0F700427732;
			productRefGroup = CC0782AE2C68E0F700427732 /* Products */;
			projectDirPath = "";
			projectRoot = "";
			targets = (
				CC0782AC2C68E0F700427732 /* WarCardGame */,
			);
		};
/* End PBXProject section */

/* Begin PBXResourcesBuildPhase section */
		CC0782AB2C68E0F700427732 /* Resources */ = {
			isa = PBXResourcesBuildPhase;
			buildActionMask = 2147483647;
			files = (
				CC0782BD2C68E0F800427732 /* LaunchScreen.storyboard in Resources */,
				CC0782BA2C68E0F800427732 /* Assets.xcassets in Resources */,
				CC0782B82C68E0F700427732 /* Main.storyboard in Resources */,
			);
			runOnlyForDeploymentPostprocessing = 0;
		};
/* End PBXResourcesBuildPhase section */

/* Begin PBXSourcesBuildPhase section */
		CC0782A92C68E0F700427732 /* Sources */ = {
			isa = PBXSourcesBuildPhase;
			buildActionMask = 2147483647;
			files = (
				CCAB9D8C2C6901EC00BEE835 /* MyExtentions.swift in Sources */,
				CC98BB9A2C6A47580070FC01 /* GameManager.swift in Sources */,
				CC4EC4092C69368500890D49 /* GameController.swift in Sources */,
				CC0782B52C68E0F700427732 /* ViewController.swift in Sources */,
				CC0782B12C68E0F700427732 /* AppDelegate.swift in Sources */,
				CC0782B32C68E0F700427732 /* SceneDelegate.swift in Sources */,
				CC98BB9C2C6A48F30070FC01 /* Player.swift in Sources */,
				CC997A302C6BE8D200CC7337 /* EndController.swift in Sources */,
				CC98BB962C6A3A210070FC01 /* Card.swift in Sources */,
			);
			runOnlyForDeploymentPostprocessing = 0;
		};
/* End PBXSourcesBuildPhase section */

/* Begin PBXVariantGroup section */
		CC0782B62C68E0F700427732 /* Main.storyboard */ = {
			isa = PBXVariantGroup;
			children = (
				CC0782B72C68E0F700427732 /* Base */,
			);
			name = Main.storyboard;
			sourceTree = "<group>";
		};
		CC0782BB2C68E0F800427732 /* LaunchScreen.storyboard */ = {
			isa = PBXVariantGroup;
			children = (
				CC0782BC2C68E0F800427732 /* Base */,
			);
			name = LaunchScreen.storyboard;
			sourceTree = "<group>";
		};
/* End PBXVariantGroup section */

/* Begin XCBuildConfiguration section */
		CC0782BF2C68E0F800427732 /* Debug */ = {
			isa = XCBuildConfiguration;
			buildSettings = {
				ALWAYS_SEARCH_USER_PATHS = NO;
				CLANG_ANALYZER_NONNULL = YES;
				CLANG_ANALYZER_NUMBER_OBJECT_CONVERSION = YES_AGGRESSIVE;
				CLANG_CXX_LANGUAGE_STANDARD = "gnu++20";
				CLANG_ENABLE_MODULES = YES;
				CLANG_ENABLE_OBJC_ARC = YES;
				CLANG_ENABLE_OBJC_WEAK = YES;
				CLANG_WARN_BLOCK_CAPTURE_AUTORELEASING = YES;
				CLANG_WARN_BOOL_CONVERSION = YES;
				CLANG_WARN_COMMA = YES;
				CLANG_WARN_CONSTANT_CONVERSION = YES;
				CLANG_WARN_DEPRECATED_OBJC_IMPLEMENTATIONS = YES;
				CLANG_WARN_DIRECT_OBJC_ISA_USAGE = YES_ERROR;
				CLANG_WARN_DOCUMENTATION_COMMENTS = YES;
				CLANG_WARN_EMPTY_BODY = YES;
				CLANG_WARN_ENUM_CONVERSION = YES;
				CLANG_WARN_INFINITE_RECURSION = YES;
				CLANG_WARN_INT_CONVERSION = YES;
				CLANG_WARN_NON_LITERAL_NULL_CONVERSION = YES;
				CLANG_WARN_OBJC_IMPLICIT_RETAIN_SELF = YES;
				CLANG_WARN_OBJC_LITERAL_CONVERSION = YES;
				CLANG_WARN_OBJC_ROOT_CLASS = YES_ERROR;
				CLANG_WARN_QUOTED_INCLUDE_IN_FRAMEWORK_HEADER = YES;
				CLANG_WARN_RANGE_LOOP_ANALYSIS = YES;
				CLANG_WARN_STRICT_PROTOTYPES = YES;
				CLANG_WARN_SUSPICIOUS_MOVE = YES;
				CLANG_WARN_UNGUARDED_AVAILABILITY = YES_AGGRESSIVE;
				CLANG_WARN_UNREACHABLE_CODE = YES;
				CLANG_WARN__DUPLICATE_METHOD_MATCH = YES;
				COPY_PHASE_STRIP = NO;
				DEBUG_INFORMATION_FORMAT = dwarf;
				ENABLE_STRICT_OBJC_MSGSEND = YES;
				ENABLE_TESTABILITY = YES;
				GCC_C_LANGUAGE_STANDARD = gnu11;
				GCC_DYNAMIC_NO_PIC = NO;
				GCC_NO_COMMON_BLOCKS = YES;
				GCC_OPTIMIZATION_LEVEL = 0;
				GCC_PREPROCESSOR_DEFINITIONS = (
					"DEBUG=1",
					"$(inherited)",
				);
				GCC_WARN_64_TO_32_BIT_CONVERSION = YES;
				GCC_WARN_ABOUT_RETURN_TYPE = YES_ERROR;
				GCC_WARN_UNDECLARED_SELECTOR = YES;
				GCC_WARN_UNINITIALIZED_AUTOS = YES_AGGRESSIVE;
				GCC_WARN_UNUSED_FUNCTION = YES;
				GCC_WARN_UNUSED_VARIABLE = YES;
				IPHONEOS_DEPLOYMENT_TARGET = 16.4;
				MTL_ENABLE_DEBUG_INFO = INCLUDE_SOURCE;
				MTL_FAST_MATH = YES;
				ONLY_ACTIVE_ARCH = YES;
				SDKROOT = iphoneos;
				SWIFT_ACTIVE_COMPILATION_CONDITIONS = DEBUG;
				SWIFT_OPTIMIZATION_LEVEL = "-Onone";
			};
			name = Debug;
		};
		CC0782C02C68E0F800427732 /* Release */ = {
			isa = XCBuildConfiguration;
			buildSettings = {
				ALWAYS_SEARCH_USER_PATHS = NO;
				CLANG_ANALYZER_NONNULL = YES;
				CLANG_ANALYZER_NUMBER_OBJECT_CONVERSION = YES_AGGRESSIVE;
				CLANG_CXX_LANGUAGE_STANDARD = "gnu++20";
				CLANG_ENABLE_MODULES = YES;
				CLANG_ENABLE_OBJC_ARC = YES;
				CLANG_ENABLE_OBJC_WEAK = YES;
				CLANG_WARN_BLOCK_CAPTURE_AUTORELEASING = YES;
				CLANG_WARN_BOOL_CONVERSION = YES;
				CLANG_WARN_COMMA = YES;
				CLANG_WARN_CONSTANT_CONVERSION = YES;
				CLANG_WARN_DEPRECATED_OBJC_IMPLEMENTATIONS = YES;
				CLANG_WARN_DIRECT_OBJC_ISA_USAGE = YES_ERROR;
				CLANG_WARN_DOCUMENTATION_COMMENTS = YES;
				CLANG_WARN_EMPTY_BODY = YES;
				CLANG_WARN_ENUM_CONVERSION = YES;
				CLANG_WARN_INFINITE_RECURSION = YES;
				CLANG_WARN_INT_CONVERSION = YES;
				CLANG_WARN_NON_LITERAL_NULL_CONVERSION = YES;
				CLANG_WARN_OBJC_IMPLICIT_RETAIN_SELF = YES;
				CLANG_WARN_OBJC_LITERAL_CONVERSION = YES;
				CLANG_WARN_OBJC_ROOT_CLASS = YES_ERROR;
				CLANG_WARN_QUOTED_INCLUDE_IN_FRAMEWORK_HEADER = YES;
				CLANG_WARN_RANGE_LOOP_ANALYSIS = YES;
				CLANG_WARN_STRICT_PROTOTYPES = YES;
				CLANG_WARN_SUSPICIOUS_MOVE = YES;
				CLANG_WARN_UNGUARDED_AVAILABILITY = YES_AGGRESSIVE;
				CLANG_WARN_UNREACHABLE_CODE = YES;
				CLANG_WARN__DUPLICATE_METHOD_MATCH = YES;
				COPY_PHASE_STRIP = NO;
				DEBUG_INFORMATION_FORMAT = "dwarf-with-dsym";
				ENABLE_NS_ASSERTIONS = NO;
				ENABLE_STRICT_OBJC_MSGSEND = YES;
				GCC_C_LANGUAGE_STANDARD = gnu11;
				GCC_NO_COMMON_BLOCKS = YES;
				GCC_WARN_64_TO_32_BIT_CONVERSION = YES;
				GCC_WARN_ABOUT_RETURN_TYPE = YES_ERROR;
				GCC_WARN_UNDECLARED_SELECTOR = YES;
				GCC_WARN_UNINITIALIZED_AUTOS = YES_AGGRESSIVE;
				GCC_WARN_UNUSED_FUNCTION = YES;
				GCC_WARN_UNUSED_VARIABLE = YES;
				IPHONEOS_DEPLOYMENT_TARGET = 16.4;
				MTL_ENABLE_DEBUG_INFO = NO;
				MTL_FAST_MATH = YES;
				SDKROOT = iphoneos;
				SWIFT_COMPILATION_MODE = wholemodule;
				SWIFT_OPTIMIZATION_LEVEL = "-O";
				VALIDATE_PRODUCT = YES;
			};
			name = Release;
		};
		CC0782C22C68E0F800427732 /* Debug */ = {
			isa = XCBuildConfiguration;
			buildSettings = {
				ASSETCATALOG_COMPILER_APPICON_NAME = AppIcon;
				ASSETCATALOG_COMPILER_GLOBAL_ACCENT_COLOR_NAME = AccentColor;
				CODE_SIGN_STYLE = Automatic;
				CURRENT_PROJECT_VERSION = 1;
				GENERATE_INFOPLIST_FILE = YES;
				INFOPLIST_FILE = WarCardGame/Info.plist;
				INFOPLIST_KEY_UIApplicationSupportsIndirectInputEvents = YES;
				INFOPLIST_KEY_UILaunchStoryboardName = LaunchScreen;
				INFOPLIST_KEY_UIMainStoryboardFile = Main;
				INFOPLIST_KEY_UISupportedInterfaceOrientations_iPad = "UIInterfaceOrientationPortrait UIInterfaceOrientationPortraitUpsideDown UIInterfaceOrientationLandscapeLeft UIInterfaceOrientationLandscapeRight";
				INFOPLIST_KEY_UISupportedInterfaceOrientations_iPhone = "UIInterfaceOrientationPortrait UIInterfaceOrientationLandscapeLeft UIInterfaceOrientationLandscapeRight";
				LD_RUNPATH_SEARCH_PATHS = (
					"$(inherited)",
					"@executable_path/Frameworks",
				);
				MARKETING_VERSION = 1.0;
				PRODUCT_BUNDLE_IDENTIFIER = com.apps.WarCardGame.WarCardGame;
				PRODUCT_NAME = "$(TARGET_NAME)";
				SWIFT_EMIT_LOC_STRINGS = YES;
				SWIFT_VERSION = 5.0;
				TARGETED_DEVICE_FAMILY = "1,2";
			};
			name = Debug;
		};
		CC0782C32C68E0F800427732 /* Release */ = {
			isa = XCBuildConfiguration;
			buildSettings = {
				ASSETCATALOG_COMPILER_APPICON_NAME = AppIcon;
				ASSETCATALOG_COMPILER_GLOBAL_ACCENT_COLOR_NAME = AccentColor;
				CODE_SIGN_STYLE = Automatic;
				CURRENT_PROJECT_VERSION = 1;
				GENERATE_INFOPLIST_FILE = YES;
				INFOPLIST_FILE = WarCardGame/Info.plist;
				INFOPLIST_KEY_UIApplicationSupportsIndirectInputEvents = YES;
				INFOPLIST_KEY_UILaunchStoryboardName = LaunchScreen;
				INFOPLIST_KEY_UIMainStoryboardFile = Main;
				INFOPLIST_KEY_UISupportedInterfaceOrientations_iPad = "UIInterfaceOrientationPortrait UIInterfaceOrientationPortraitUpsideDown UIInterfaceOrientationLandscapeLeft UIInterfaceOrientationLandscapeRight";
				INFOPLIST_KEY_UISupportedInterfaceOrientations_iPhone = "UIInterfaceOrientationPortrait UIInterfaceOrientationLandscapeLeft UIInterfaceOrientationLandscapeRight";
				LD_RUNPATH_SEARCH_PATHS = (
					"$(inherited)",
					"@executable_path/Frameworks",
				);
				MARKETING_VERSION = 1.0;
				PRODUCT_BUNDLE_IDENTIFIER = com.apps.WarCardGame.WarCardGame;
				PRODUCT_NAME = "$(TARGET_NAME)";
				SWIFT_EMIT_LOC_STRINGS = YES;
				SWIFT_VERSION = 5.0;
				TARGETED_DEVICE_FAMILY = "1,2";
			};
			name = Release;
		};
/* End XCBuildConfiguration section */

/* Begin XCConfigurationList section */
		CC0782A82C68E0F700427732 /* Build configuration list for PBXProject "WarCardGame" */ = {
			isa = XCConfigurationList;
			buildConfigurations = (
				CC0782BF2C68E0F800427732 /* Debug */,
				CC0782C02C68E0F800427732 /* Release */,
			);
			defaultConfigurationIsVisible = 0;
			defaultConfigurationName = Release;
		};
		CC0782C12C68E0F800427732 /* Build configuration list for PBXNativeTarget "WarCardGame" */ = {
			isa = XCConfigurationList;
			buildConfigurations = (
				CC0782C22C68E0F800427732 /* Debug */,
				CC0782C32C68E0F800427732 /* Release */,
			);
			defaultConfigurationIsVisible = 0;
			defaultConfigurationName = Release;
		};
/* End XCConfigurationList section */
	};
	rootObject = CC0782A52C68E0F700427732 /* Project object */;
}
